
Microsoft Visual Studio Solution File, Format Version 12.00
# Visual Studio Version 17
VisualStudioVersion = 17.5.33530.505
MinimumVisualStudioVersion = 10.0.40219.1
Project("{FAE04EC0-301F-11D3-BF4B-00C04F79EFBC}") = "Catalog", "PruebaTecnica_Inercya\Catalog.csproj", "{D6D0EFE8-3B2F-40EE-A93C-46E699A6229D}"
EndProject
Project("{FAE04EC0-301F-11D3-BF4B-00C04F79EFBC}") = "Customers", "Customers\Customers.csproj", "{D2763F03-31F4-4DAE-ACB7-0FECC08A2EC4}"
EndProject
Project("{FAE04EC0-301F-11D3-BF4B-00C04F79EFBC}") = "Random", "Random\Random.csproj", "{D2BA36E0-B3C0-4CC9-8B88-64DFF19AE48B}"
EndProject
Project("{FAE04EC0-301F-11D3-BF4B-00C04F79EFBC}") = "WebTreeView", "WebTreeView\WebTreeView.csproj", "{AE7AE078-BC6E-4F90-BEB6-3F3E352F2CE2}"
EndProject
Global
	GlobalSection(SolutionConfigurationPlatforms) = preSolution
		Debug|Any CPU = Debug|Any CPU
		Release|Any CPU = Release|Any CPU
	EndGlobalSection
	GlobalSection(ProjectConfigurationPlatforms) = postSolution
		{D6D0EFE8-3B2F-40EE-A93C-46E699A6229D}.Debug|Any CPU.ActiveCfg = Debug|Any CPU
		{D6D0EFE8-3B2F-40EE-A93C-46E699A6229D}.Debug|Any CPU.Build.0 = Debug|Any CPU
		{D6D0EFE8-3B2F-40EE-A93C-46E699A6229D}.Release|Any CPU.ActiveCfg = Release|Any CPU
		{D6D0EFE8-3B2F-40EE-A93C-46E699A6229D}.Release|Any CPU.Build.0 = Release|Any CPU
		{D2763F03-31F4-4DAE-ACB7-0FECC08A2EC4}.Debug|Any CPU.ActiveCfg = Debug|Any CPU
		{D2763F03-31F4-4DAE-ACB7-0FECC08A2EC4}.Debug|Any CPU.Build.0 = Debug|Any CPU
		{D2763F03-31F4-4DAE-ACB7-0FECC08A2EC4}.Release|Any CPU.ActiveCfg = Release|Any CPU
		{D2763F03-31F4-4DAE-ACB7-0FECC08A2EC4}.Release|Any CPU.Build.0 = Release|Any CPU
		{D2BA36E0-B3C0-4CC9-8B88-64DFF19AE48B}.Debug|Any CPU.ActiveCfg = Debug|Any CPU
		{D2BA36E0-B3C0-4CC9-8B88-64DFF19AE48B}.Debug|Any CPU.Build.0 = Debug|Any CPU
		{D2BA36E0-B3C0-4CC9-8B88-64DFF19AE48B}.Release|Any CPU.ActiveCfg = Release|Any CPU
		{D2BA36E0-B3C0-4CC9-8B88-64DFF19AE48B}.Release|Any CPU.Build.0 = Release|Any CPU
		{AE7AE078-BC6E-4F90-BEB6-3F3E352F2CE2}.Debug|Any CPU.ActiveCfg = Debug|Any CPU
		{AE7AE078-BC6E-4F90-BEB6-3F3E352F2CE2}.Debug|Any CPU.Build.0 = Debug|Any CPU
		{AE7AE078-BC6E-4F90-BEB6-3F3E352F2CE2}.Release|Any CPU.ActiveCfg = Release|Any CPU
		{AE7AE078-BC6E-4F90-BEB6-3F3E352F2CE2}.Release|Any CPU.Build.0 = Release|Any CPU
	EndGlobalSection
	GlobalSection(SolutionProperties) = preSolution
		HideSolutionNode = FALSE
	EndGlobalSection
	GlobalSection(ExtensibilityGlobals) = postSolution
		SolutionGuid = {4BA1DB5A-8FC9-4A06-AF3E-3CB259E9AF65}
	EndGlobalSection
EndGlobal
